
Microsoft Visual Studio Solution File, Format Version 12.00
# Visual Studio Version 17
VisualStudioVersion = 17.3.32811.315
MinimumVisualStudioVersion = 10.0.40219.1
Project("{9A19103F-16F7-4668-BE54-9A1E7A4F7556}") = "Aurelio", "Aurelio.Main\Aurelio\Aurelio.csproj", "{EBFA8512-1EA5-4D8C-B4AC-AB5B48A6D568}"
EndProject
Project("{9A19103F-16F7-4668-BE54-9A1E7A4F7556}") = "Aurelio.Desktop", "Aurelio.Main\Aurelio.Desktop\Aurelio.Desktop.csproj", "{ABC31E74-02FF-46EB-B3B2-4E6AE43B456C}"
EndProject
Project("{2150E333-8FDC-42A3-9474-1A3956D46DE8}") = "Solution Items", "Solution Items", "{3DA99C4E-89E3-4049-9C22-0A7EC60D83D8}"
	ProjectSection(SolutionItems) = preProject
		Directory.Packages.props = Directory.Packages.props
	EndProjectSection
EndProject
Project("{2150E333-8FDC-42A3-9474-1A3956D46DE8}") = "Aurelio.Main", "Aurelio.Main", "{31555888-E700-445F-90CA-9E345A10E420}"
EndProject
Project("{2150E333-8FDC-42A3-9474-1A3956D46DE8}") = "Aurelio.Plugin", "Aurelio.Plugin", "{61CB3A97-C6D1-41BE-A1A1-03DE648F9595}"
EndProject
Project("{FAE04EC0-301F-11D3-BF4B-00C04F79EFBC}") = "Aurelio.Plugin.Base", "Aurelio.Plugin\Aurelio.Plugin.Base\Aurelio.Plugin.Base.csproj", "{DEC65C98-2EEE-40CE-880D-CB3F6955E81B}"
EndProject
Global
	GlobalSection(SolutionConfigurationPlatforms) = preSolution
		Debug|Any CPU = Debug|Any CPU
		Release|Any CPU = Release|Any CPU
	EndGlobalSection
	GlobalSection(ProjectConfigurationPlatforms) = postSolution
		{EBFA8512-1EA5-4D8C-B4AC-AB5B48A6D568}.Debug|Any CPU.ActiveCfg = Debug|Any CPU
		{EBFA8512-1EA5-4D8C-B4AC-AB5B48A6D568}.Debug|Any CPU.Build.0 = Debug|Any CPU
		{EBFA8512-1EA5-4D8C-B4AC-AB5B48A6D568}.Release|Any CPU.ActiveCfg = Release|Any CPU
		{EBFA8512-1EA5-4D8C-B4AC-AB5B48A6D568}.Release|Any CPU.Build.0 = Release|Any CPU
		{ABC31E74-02FF-46EB-B3B2-4E6AE43B456C}.Debug|Any CPU.ActiveCfg = Debug|Any CPU
		{ABC31E74-02FF-46EB-B3B2-4E6AE43B456C}.Debug|Any CPU.Build.0 = Debug|Any CPU
		{ABC31E74-02FF-46EB-B3B2-4E6AE43B456C}.Release|Any CPU.ActiveCfg = Release|Any CPU
		{ABC31E74-02FF-46EB-B3B2-4E6AE43B456C}.Release|Any CPU.Build.0 = Release|Any CPU
		{DEC65C98-2EEE-40CE-880D-CB3F6955E81B}.Debug|Any CPU.ActiveCfg = Debug|Any CPU
		{DEC65C98-2EEE-40CE-880D-CB3F6955E81B}.Debug|Any CPU.Build.0 = Debug|Any CPU
		{DEC65C98-2EEE-40CE-880D-CB3F6955E81B}.Release|Any CPU.ActiveCfg = Release|Any CPU
		{DEC65C98-2EEE-40CE-880D-CB3F6955E81B}.Release|Any CPU.Build.0 = Release|Any CPU
	EndGlobalSection
	GlobalSection(SolutionProperties) = preSolution
		HideSolutionNode = FALSE
	EndGlobalSection
	GlobalSection(ExtensibilityGlobals) = postSolution
		SolutionGuid = {83CB65B8-011F-4ED7-BCD3-A6CFA935EF7E}
	EndGlobalSection
	GlobalSection(NestedProjects) = preSolution
		{EBFA8512-1EA5-4D8C-B4AC-AB5B48A6D568} = {31555888-E700-445F-90CA-9E345A10E420}
		{ABC31E74-02FF-46EB-B3B2-4E6AE43B456C} = {31555888-E700-445F-90CA-9E345A10E420}
		{DEC65C98-2EEE-40CE-880D-CB3F6955E81B} = {61CB3A97-C6D1-41BE-A1A1-03DE648F9595}
	EndGlobalSection
EndGlobal
