
Microsoft Visual Studio Solution File, Format Version 12.00
# Visual Studio Version 17
VisualStudioVersion = 17.3.32811.315
MinimumVisualStudioVersion = 10.0.40219.1
Project("{9A19103F-16F7-4668-BE54-9A1E7A4F7556}") = "Aurelio", "Aurelio.Main\Aurelio\Aurelio.csproj", "{EBFA8512-1EA5-4D8C-B4AC-AB5B48A6D568}"
EndProject
Project("{9A19103F-16F7-4668-BE54-9A1E7A4F7556}") = "Aurelio.Desktop", "Aurelio.Main\Aurelio.Desktop\Aurelio.Desktop.csproj", "{ABC31E74-02FF-46EB-B3B2-4E6AE43B456C}"
EndProject
Project("{2150E333-8FDC-42A3-9474-1A3956D46DE8}") = "Solution Items", "Solution Items", "{3DA99C4E-89E3-4049-9C22-0A7EC60D83D8}"
	ProjectSection(SolutionItems) = preProject
		Directory.Build.targets = Directory.Build.targets
	EndProjectSection
EndProject
Project("{2150E333-8FDC-42A3-9474-1A3956D46DE8}") = "Aurelio.Main", "Aurelio.Main", "{4E592F68-BF4A-4B30-A7A0-2DD62E0F84F7}"
EndProject
Project("{2150E333-8FDC-42A3-9474-1A3956D46DE8}") = "SkinRender", "SkinRender", "{06821238-1CC7-48F9-84AF-2881E8156C8B}"
EndProject
Project("{2150E333-8FDC-42A3-9474-1A3956D46DE8}") = "Aurelio.Plugin", "Aurelio.Plugin", "{036FBA9C-8AAF-492E-ADBB-4846F632B286}"
EndProject
Project("{2150E333-8FDC-42A3-9474-1A3956D46DE8}") = "Aurelio.Plugins", "Aurelio.Plugins", "{15E305FC-89DC-4E84-8EA4-9613061789BC}"
EndProject
Project("{FAE04EC0-301F-11D3-BF4B-00C04F79EFBC}") = "Aurelio.Plugin.Base", "Aurelio.Plugin\Aurelio.Plugin.Base\Aurelio.Plugin.Base.csproj", "{33583BAC-D831-4C43-818B-CA606F237627}"
EndProject
Project("{2150E333-8FDC-42A3-9474-1A3956D46DE8}") = "Aurelio.Plugin.Simple", "Aurelio.Plugin.Simple", "{54DE9ECB-1CDB-489A-8148-A4DAD2132927}"
EndProject
Project("{FAE04EC0-301F-11D3-BF4B-00C04F79EFBC}") = "Aurelio.Plugin.Require", "Aurelio.Plugin\Aurelio.Plugin.Simple\Aurelio.Plugin.Require\Aurelio.Plugin.Require.csproj", "{2A605079-EE66-4604-BFC1-30C6DC871424}"
EndProject
Project("{2150E333-8FDC-42A3-9474-1A3956D46DE8}") = "Aurelio.Plugin.Base", "Aurelio.Plugin.Base", "{278EAA3A-D8BF-4D2D-AA7D-C9D26CC5BAF8}"
EndProject
Project("{FAE04EC0-301F-11D3-BF4B-00C04F79EFBC}") = "Aurelio.Plugin.BeRequire", "Aurelio.Plugin\Aurelio.Plugin.Simple\Aurelio.Plugin.BeRequire\Aurelio.Plugin.BeRequire.csproj", "{6025330E-4A99-4B7B-84E4-E7D3BA82C647}"
EndProject
Project("{FAE04EC0-301F-11D3-BF4B-00C04F79EFBC}") = "Aurelio.Plugin.Page", "Aurelio.Plugin\Aurelio.Plugin.Simple\Aurelio.Plugin.Page\Aurelio.Plugin.Page.csproj", "{4D0708AD-E80C-4CE2-9A99-A9FF6AC2F5FB}"
EndProject
Project("{2150E333-8FDC-42A3-9474-1A3956D46DE8}") = "Minecraft", "Minecraft", "{C8FFC79F-F2C2-4E4B-9C43-47D796067618}"
EndProject
Project("{FAE04EC0-301F-11D3-BF4B-00C04F79EFBC}") = "Aurelio.Plugin.Minecraft", "Aurelio.Plugin\Aurelio.Plugins\Minecraft\Aurelio.Plugin.Minecraft\Aurelio.Plugin.Minecraft.csproj", "{109B3B88-6AA6-4542-ABC5-42C461B45D33}"
EndProject
Project("{FAE04EC0-301F-11D3-BF4B-00C04F79EFBC}") = "LiteSkinViewer.2D", "Aurelio.Plugin\Aurelio.Plugins\Minecraft\LiteSkinViewer\LiteSkinViewer.2D\LiteSkinViewer.2D.csproj", "{A9DDE160-C707-4044-9703-B6ED94BF99AC}"
EndProject
Project("{FAE04EC0-301F-11D3-BF4B-00C04F79EFBC}") = "LiteSkinViewer.3D", "Aurelio.Plugin\Aurelio.Plugins\Minecraft\LiteSkinViewer\LiteSkinViewer.3D\LiteSkinViewer.3D.csproj", "{A4AC8A06-103F-44A4-845E-6167C2CBC93F}"
EndProject
Project("{FAE04EC0-301F-11D3-BF4B-00C04F79EFBC}") = "LiteSkinViewer.Shared", "Aurelio.Plugin\Aurelio.Plugins\Minecraft\LiteSkinViewer\LiteSkinViewer.Shared\LiteSkinViewer.Shared.csproj", "{CCC76E7F-03D8-42B0-96CA-A48CE127C8A0}"
EndProject
Global
	GlobalSection(SolutionConfigurationPlatforms) = preSolution
		Debug|Any CPU = Debug|Any CPU
		Release|Any CPU = Release|Any CPU
	EndGlobalSection
	GlobalSection(ProjectConfigurationPlatforms) = postSolution
		{EBFA8512-1EA5-4D8C-B4AC-AB5B48A6D568}.Debug|Any CPU.ActiveCfg = Debug|Any CPU
		{EBFA8512-1EA5-4D8C-B4AC-AB5B48A6D568}.Debug|Any CPU.Build.0 = Debug|Any CPU
		{EBFA8512-1EA5-4D8C-B4AC-AB5B48A6D568}.Release|Any CPU.ActiveCfg = Release|Any CPU
		{EBFA8512-1EA5-4D8C-B4AC-AB5B48A6D568}.Release|Any CPU.Build.0 = Release|Any CPU
		{ABC31E74-02FF-46EB-B3B2-4E6AE43B456C}.Debug|Any CPU.ActiveCfg = Debug|Any CPU
		{ABC31E74-02FF-46EB-B3B2-4E6AE43B456C}.Debug|Any CPU.Build.0 = Debug|Any CPU
		{ABC31E74-02FF-46EB-B3B2-4E6AE43B456C}.Release|Any CPU.ActiveCfg = Release|Any CPU
		{ABC31E74-02FF-46EB-B3B2-4E6AE43B456C}.Release|Any CPU.Build.0 = Release|Any CPU
		{33583BAC-D831-4C43-818B-CA606F237627}.Debug|Any CPU.ActiveCfg = Debug|Any CPU
		{33583BAC-D831-4C43-818B-CA606F237627}.Debug|Any CPU.Build.0 = Debug|Any CPU
		{33583BAC-D831-4C43-818B-CA606F237627}.Release|Any CPU.ActiveCfg = Release|Any CPU
		{33583BAC-D831-4C43-818B-CA606F237627}.Release|Any CPU.Build.0 = Release|Any CPU
		{2A605079-EE66-4604-BFC1-30C6DC871424}.Debug|Any CPU.ActiveCfg = Debug|Any CPU
		{2A605079-EE66-4604-BFC1-30C6DC871424}.Debug|Any CPU.Build.0 = Debug|Any CPU
		{2A605079-EE66-4604-BFC1-30C6DC871424}.Release|Any CPU.ActiveCfg = Release|Any CPU
		{2A605079-EE66-4604-BFC1-30C6DC871424}.Release|Any CPU.Build.0 = Release|Any CPU
		{6025330E-4A99-4B7B-84E4-E7D3BA82C647}.Debug|Any CPU.ActiveCfg = Debug|Any CPU
		{6025330E-4A99-4B7B-84E4-E7D3BA82C647}.Debug|Any CPU.Build.0 = Debug|Any CPU
		{6025330E-4A99-4B7B-84E4-E7D3BA82C647}.Release|Any CPU.ActiveCfg = Release|Any CPU
		{6025330E-4A99-4B7B-84E4-E7D3BA82C647}.Release|Any CPU.Build.0 = Release|Any CPU
		{4D0708AD-E80C-4CE2-9A99-A9FF6AC2F5FB}.Debug|Any CPU.ActiveCfg = Debug|Any CPU
		{4D0708AD-E80C-4CE2-9A99-A9FF6AC2F5FB}.Debug|Any CPU.Build.0 = Debug|Any CPU
		{4D0708AD-E80C-4CE2-9A99-A9FF6AC2F5FB}.Release|Any CPU.ActiveCfg = Release|Any CPU
		{4D0708AD-E80C-4CE2-9A99-A9FF6AC2F5FB}.Release|Any CPU.Build.0 = Release|Any CPU
		{109B3B88-6AA6-4542-ABC5-42C461B45D33}.Debug|Any CPU.ActiveCfg = Debug|Any CPU
		{109B3B88-6AA6-4542-ABC5-42C461B45D33}.Debug|Any CPU.Build.0 = Debug|Any CPU
		{109B3B88-6AA6-4542-ABC5-42C461B45D33}.Release|Any CPU.ActiveCfg = Release|Any CPU
		{109B3B88-6AA6-4542-ABC5-42C461B45D33}.Release|Any CPU.Build.0 = Release|Any CPU
		{A9DDE160-C707-4044-9703-B6ED94BF99AC}.Debug|Any CPU.ActiveCfg = Debug|Any CPU
		{A9DDE160-C707-4044-9703-B6ED94BF99AC}.Debug|Any CPU.Build.0 = Debug|Any CPU
		{A9DDE160-C707-4044-9703-B6ED94BF99AC}.Release|Any CPU.ActiveCfg = Release|Any CPU
		{A9DDE160-C707-4044-9703-B6ED94BF99AC}.Release|Any CPU.Build.0 = Release|Any CPU
		{A4AC8A06-103F-44A4-845E-6167C2CBC93F}.Debug|Any CPU.ActiveCfg = Debug|Any CPU
		{A4AC8A06-103F-44A4-845E-6167C2CBC93F}.Debug|Any CPU.Build.0 = Debug|Any CPU
		{A4AC8A06-103F-44A4-845E-6167C2CBC93F}.Release|Any CPU.ActiveCfg = Release|Any CPU
		{A4AC8A06-103F-44A4-845E-6167C2CBC93F}.Release|Any CPU.Build.0 = Release|Any CPU
		{CCC76E7F-03D8-42B0-96CA-A48CE127C8A0}.Debug|Any CPU.ActiveCfg = Debug|Any CPU
		{CCC76E7F-03D8-42B0-96CA-A48CE127C8A0}.Debug|Any CPU.Build.0 = Debug|Any CPU
		{CCC76E7F-03D8-42B0-96CA-A48CE127C8A0}.Release|Any CPU.ActiveCfg = Release|Any CPU
		{CCC76E7F-03D8-42B0-96CA-A48CE127C8A0}.Release|Any CPU.Build.0 = Release|Any CPU
	EndGlobalSection
	GlobalSection(SolutionProperties) = preSolution
		HideSolutionNode = FALSE
	EndGlobalSection
	GlobalSection(NestedProjects) = preSolution
		{EBFA8512-1EA5-4D8C-B4AC-AB5B48A6D568} = {4E592F68-BF4A-4B30-A7A0-2DD62E0F84F7}
		{ABC31E74-02FF-46EB-B3B2-4E6AE43B456C} = {4E592F68-BF4A-4B30-A7A0-2DD62E0F84F7}
		{15E305FC-89DC-4E84-8EA4-9613061789BC} = {036FBA9C-8AAF-492E-ADBB-4846F632B286}
		{54DE9ECB-1CDB-489A-8148-A4DAD2132927} = {036FBA9C-8AAF-492E-ADBB-4846F632B286}
		{2A605079-EE66-4604-BFC1-30C6DC871424} = {54DE9ECB-1CDB-489A-8148-A4DAD2132927}
		{278EAA3A-D8BF-4D2D-AA7D-C9D26CC5BAF8} = {036FBA9C-8AAF-492E-ADBB-4846F632B286}
		{33583BAC-D831-4C43-818B-CA606F237627} = {278EAA3A-D8BF-4D2D-AA7D-C9D26CC5BAF8}
		{6025330E-4A99-4B7B-84E4-E7D3BA82C647} = {54DE9ECB-1CDB-489A-8148-A4DAD2132927}
		{4D0708AD-E80C-4CE2-9A99-A9FF6AC2F5FB} = {54DE9ECB-1CDB-489A-8148-A4DAD2132927}
		{C8FFC79F-F2C2-4E4B-9C43-47D796067618} = {15E305FC-89DC-4E84-8EA4-9613061789BC}
		{06821238-1CC7-48F9-84AF-2881E8156C8B} = {C8FFC79F-F2C2-4E4B-9C43-47D796067618}
		{109B3B88-6AA6-4542-ABC5-42C461B45D33} = {C8FFC79F-F2C2-4E4B-9C43-47D796067618}
		{A9DDE160-C707-4044-9703-B6ED94BF99AC} = {06821238-1CC7-48F9-84AF-2881E8156C8B}
		{A4AC8A06-103F-44A4-845E-6167C2CBC93F} = {06821238-1CC7-48F9-84AF-2881E8156C8B}
		{CCC76E7F-03D8-42B0-96CA-A48CE127C8A0} = {06821238-1CC7-48F9-84AF-2881E8156C8B}
	EndGlobalSection
	GlobalSection(ExtensibilityGlobals) = postSolution
		SolutionGuid = {83CB65B8-011F-4ED7-BCD3-A6CFA935EF7E}
	EndGlobalSection
EndGlobal
