
Microsoft Visual Studio Solution File, Format Version 12.00
# Visual Studio Version 17
VisualStudioVersion = 17.3.32811.315
MinimumVisualStudioVersion = 10.0.40219.1
Project("{9A19103F-16F7-4668-BE54-9A1E7A4F7556}") = "Aurelio", "Aurelio.Main\Aurelio\Aurelio.csproj", "{EBFA8512-1EA5-4D8C-B4AC-AB5B48A6D568}"
EndProject
Project("{9A19103F-16F7-4668-BE54-9A1E7A4F7556}") = "Aurelio.Desktop", "Aurelio.Main\Aurelio.Desktop\Aurelio.Desktop.csproj", "{ABC31E74-02FF-46EB-B3B2-4E6AE43B456C}"
EndProject
Project("{2150E333-8FDC-42A3-9474-1A3956D46DE8}") = "Solution Items", "Solution Items", "{3DA99C4E-89E3-4049-9C22-0A7EC60D83D8}"
	ProjectSection(SolutionItems) = preProject
		Directory.Build.targets = Directory.Build.targets
	EndProjectSection
EndProject
Project("{2150E333-8FDC-42A3-9474-1A3956D46DE8}") = "Aurelio.Main", "Aurelio.Main", "{4E592F68-BF4A-4B30-A7A0-2DD62E0F84F7}"
EndProject
Project("{2150E333-8FDC-42A3-9474-1A3956D46DE8}") = "Aurelio.Reference", "Aurelio.Reference", "{C7F6B4DF-3DB3-47D3-9EEE-C72C507B516A}"
EndProject
Project("{2150E333-8FDC-42A3-9474-1A3956D46DE8}") = "SkinRender3D", "SkinRender3D", "{06821238-1CC7-48F9-84AF-2881E8156C8B}"
EndProject
Project("{FAE04EC0-301F-11D3-BF4B-00C04F79EFBC}") = "LiteSkinViewer.2D", "Aurelio.Reference\LiteSkinViewer3D\LiteSkinViewer.2D\LiteSkinViewer.2D.csproj", "{76F4646A-5060-4C1A-A961-789175DFED59}"
EndProject
Project("{FAE04EC0-301F-11D3-BF4B-00C04F79EFBC}") = "LiteSkinViewer.3D", "Aurelio.Reference\LiteSkinViewer3D\LiteSkinViewer.3D\LiteSkinViewer.3D.csproj", "{2C39B9CA-B9AE-4C51-8D65-5B48329F317B}"
EndProject
Project("{FAE04EC0-301F-11D3-BF4B-00C04F79EFBC}") = "LiteSkinViewer.Shared", "Aurelio.Reference\LiteSkinViewer3D\LiteSkinViewer.Shared\LiteSkinViewer.Shared.csproj", "{F0EB80F7-1EEA-4E57-A2DE-CFCA006E83C3}"
EndProject
Project("{2150E333-8FDC-42A3-9474-1A3956D46DE8}") = "Aurelio.Plugin", "Aurelio.Plugin", "{036FBA9C-8AAF-492E-ADBB-4846F632B286}"
EndProject
Project("{2150E333-8FDC-42A3-9474-1A3956D46DE8}") = "Aurelio.Plugins", "Aurelio.Plugins", "{15E305FC-89DC-4E84-8EA4-9613061789BC}"
EndProject
Project("{FAE04EC0-301F-11D3-BF4B-00C04F79EFBC}") = "Aurelio.Plugin.Base", "Aurelio.Plugin\Aurelio.Plugin.Base\Aurelio.Plugin.Base.csproj", "{33583BAC-D831-4C43-818B-CA606F237627}"
EndProject
Project("{2150E333-8FDC-42A3-9474-1A3956D46DE8}") = "Aurelio.Plugin.Simple", "Aurelio.Plugin.Simple", "{54DE9ECB-1CDB-489A-8148-A4DAD2132927}"
EndProject
Project("{FAE04EC0-301F-11D3-BF4B-00C04F79EFBC}") = "Aurelio.Plugin.Require", "Aurelio.Plugin\Aurelio.Plugin.Simple\Aurelio.Plugin.Require\Aurelio.Plugin.Require.csproj", "{2A605079-EE66-4604-BFC1-30C6DC871424}"
EndProject
Project("{2150E333-8FDC-42A3-9474-1A3956D46DE8}") = "Aurelio.Plugin.Base", "Aurelio.Plugin.Base", "{278EAA3A-D8BF-4D2D-AA7D-C9D26CC5BAF8}"
EndProject
Project("{FAE04EC0-301F-11D3-BF4B-00C04F79EFBC}") = "Aurelio.Plugin.BeRequire", "Aurelio.Plugin\Aurelio.Plugin.Simple\Aurelio.Plugin.BeRequire\Aurelio.Plugin.BeRequire.csproj", "{6025330E-4A99-4B7B-84E4-E7D3BA82C647}"
EndProject
Project("{FAE04EC0-301F-11D3-BF4B-00C04F79EFBC}") = "Aurelio.Plugin.Page", "Aurelio.Plugin\Aurelio.Plugin.Simple\Aurelio.Plugin.Page\Aurelio.Plugin.Page.csproj", "{4D0708AD-E80C-4CE2-9A99-A9FF6AC2F5FB}"
EndProject
Global
	GlobalSection(SolutionConfigurationPlatforms) = preSolution
		Debug|Any CPU = Debug|Any CPU
		Release|Any CPU = Release|Any CPU
	EndGlobalSection
	GlobalSection(ProjectConfigurationPlatforms) = postSolution
		{EBFA8512-1EA5-4D8C-B4AC-AB5B48A6D568}.Debug|Any CPU.ActiveCfg = Debug|Any CPU
		{EBFA8512-1EA5-4D8C-B4AC-AB5B48A6D568}.Debug|Any CPU.Build.0 = Debug|Any CPU
		{EBFA8512-1EA5-4D8C-B4AC-AB5B48A6D568}.Release|Any CPU.ActiveCfg = Release|Any CPU
		{EBFA8512-1EA5-4D8C-B4AC-AB5B48A6D568}.Release|Any CPU.Build.0 = Release|Any CPU
		{ABC31E74-02FF-46EB-B3B2-4E6AE43B456C}.Debug|Any CPU.ActiveCfg = Debug|Any CPU
		{ABC31E74-02FF-46EB-B3B2-4E6AE43B456C}.Debug|Any CPU.Build.0 = Debug|Any CPU
		{ABC31E74-02FF-46EB-B3B2-4E6AE43B456C}.Release|Any CPU.ActiveCfg = Release|Any CPU
		{ABC31E74-02FF-46EB-B3B2-4E6AE43B456C}.Release|Any CPU.Build.0 = Release|Any CPU
		{76F4646A-5060-4C1A-A961-789175DFED59}.Debug|Any CPU.ActiveCfg = Debug|Any CPU
		{76F4646A-5060-4C1A-A961-789175DFED59}.Debug|Any CPU.Build.0 = Debug|Any CPU
		{76F4646A-5060-4C1A-A961-789175DFED59}.Release|Any CPU.ActiveCfg = Release|Any CPU
		{76F4646A-5060-4C1A-A961-789175DFED59}.Release|Any CPU.Build.0 = Release|Any CPU
		{2C39B9CA-B9AE-4C51-8D65-5B48329F317B}.Debug|Any CPU.ActiveCfg = Debug|Any CPU
		{2C39B9CA-B9AE-4C51-8D65-5B48329F317B}.Debug|Any CPU.Build.0 = Debug|Any CPU
		{2C39B9CA-B9AE-4C51-8D65-5B48329F317B}.Release|Any CPU.ActiveCfg = Release|Any CPU
		{2C39B9CA-B9AE-4C51-8D65-5B48329F317B}.Release|Any CPU.Build.0 = Release|Any CPU
		{F0EB80F7-1EEA-4E57-A2DE-CFCA006E83C3}.Debug|Any CPU.ActiveCfg = Debug|Any CPU
		{F0EB80F7-1EEA-4E57-A2DE-CFCA006E83C3}.Debug|Any CPU.Build.0 = Debug|Any CPU
		{F0EB80F7-1EEA-4E57-A2DE-CFCA006E83C3}.Release|Any CPU.ActiveCfg = Release|Any CPU
		{F0EB80F7-1EEA-4E57-A2DE-CFCA006E83C3}.Release|Any CPU.Build.0 = Release|Any CPU
		{33583BAC-D831-4C43-818B-CA606F237627}.Debug|Any CPU.ActiveCfg = Debug|Any CPU
		{33583BAC-D831-4C43-818B-CA606F237627}.Debug|Any CPU.Build.0 = Debug|Any CPU
		{33583BAC-D831-4C43-818B-CA606F237627}.Release|Any CPU.ActiveCfg = Release|Any CPU
		{33583BAC-D831-4C43-818B-CA606F237627}.Release|Any CPU.Build.0 = Release|Any CPU
		{2A605079-EE66-4604-BFC1-30C6DC871424}.Debug|Any CPU.ActiveCfg = Debug|Any CPU
		{2A605079-EE66-4604-BFC1-30C6DC871424}.Debug|Any CPU.Build.0 = Debug|Any CPU
		{2A605079-EE66-4604-BFC1-30C6DC871424}.Release|Any CPU.ActiveCfg = Release|Any CPU
		{2A605079-EE66-4604-BFC1-30C6DC871424}.Release|Any CPU.Build.0 = Release|Any CPU
		{6025330E-4A99-4B7B-84E4-E7D3BA82C647}.Debug|Any CPU.ActiveCfg = Debug|Any CPU
		{6025330E-4A99-4B7B-84E4-E7D3BA82C647}.Debug|Any CPU.Build.0 = Debug|Any CPU
		{6025330E-4A99-4B7B-84E4-E7D3BA82C647}.Release|Any CPU.ActiveCfg = Release|Any CPU
		{6025330E-4A99-4B7B-84E4-E7D3BA82C647}.Release|Any CPU.Build.0 = Release|Any CPU
		{4D0708AD-E80C-4CE2-9A99-A9FF6AC2F5FB}.Debug|Any CPU.ActiveCfg = Debug|Any CPU
		{4D0708AD-E80C-4CE2-9A99-A9FF6AC2F5FB}.Debug|Any CPU.Build.0 = Debug|Any CPU
		{4D0708AD-E80C-4CE2-9A99-A9FF6AC2F5FB}.Release|Any CPU.ActiveCfg = Release|Any CPU
		{4D0708AD-E80C-4CE2-9A99-A9FF6AC2F5FB}.Release|Any CPU.Build.0 = Release|Any CPU
	EndGlobalSection
	GlobalSection(SolutionProperties) = preSolution
		HideSolutionNode = FALSE
	EndGlobalSection
	GlobalSection(NestedProjects) = preSolution
		{EBFA8512-1EA5-4D8C-B4AC-AB5B48A6D568} = {4E592F68-BF4A-4B30-A7A0-2DD62E0F84F7}
		{ABC31E74-02FF-46EB-B3B2-4E6AE43B456C} = {4E592F68-BF4A-4B30-A7A0-2DD62E0F84F7}
		{06821238-1CC7-48F9-84AF-2881E8156C8B} = {C7F6B4DF-3DB3-47D3-9EEE-C72C507B516A}
		{76F4646A-5060-4C1A-A961-789175DFED59} = {06821238-1CC7-48F9-84AF-2881E8156C8B}
		{2C39B9CA-B9AE-4C51-8D65-5B48329F317B} = {06821238-1CC7-48F9-84AF-2881E8156C8B}
		{F0EB80F7-1EEA-4E57-A2DE-CFCA006E83C3} = {06821238-1CC7-48F9-84AF-2881E8156C8B}
		{15E305FC-89DC-4E84-8EA4-9613061789BC} = {036FBA9C-8AAF-492E-ADBB-4846F632B286}
		{54DE9ECB-1CDB-489A-8148-A4DAD2132927} = {036FBA9C-8AAF-492E-ADBB-4846F632B286}
		{2A605079-EE66-4604-BFC1-30C6DC871424} = {54DE9ECB-1CDB-489A-8148-A4DAD2132927}
		{278EAA3A-D8BF-4D2D-AA7D-C9D26CC5BAF8} = {036FBA9C-8AAF-492E-ADBB-4846F632B286}
		{33583BAC-D831-4C43-818B-CA606F237627} = {278EAA3A-D8BF-4D2D-AA7D-C9D26CC5BAF8}
		{6025330E-4A99-4B7B-84E4-E7D3BA82C647} = {54DE9ECB-1CDB-489A-8148-A4DAD2132927}
		{4D0708AD-E80C-4CE2-9A99-A9FF6AC2F5FB} = {54DE9ECB-1CDB-489A-8148-A4DAD2132927}
	EndGlobalSection
	GlobalSection(ExtensibilityGlobals) = postSolution
		SolutionGuid = {83CB65B8-011F-4ED7-BCD3-A6CFA935EF7E}
	EndGlobalSection
EndGlobal
